
Microsoft Visual Studio Solution File, Format Version 12.00
# Visual Studio 15
VisualStudioVersion = 15.0.28307.1022
MinimumVisualStudioVersion = 10.0.40219.1
Project("{FAE04EC0-301F-11D3-BF4B-00C04F79EFBC}") = "modul2", "modul2\modul2.csproj", "{F484AA18-7E6B-4D00-8FEF-7A7223331EAC}"
EndProject
Project("{FAE04EC0-301F-11D3-BF4B-00C04F79EFBC}") = "z2", "z2\z2.csproj", "{ED484385-B52D-471A-976F-EBA92A87146F}"
EndProject
Global
	GlobalSection(SolutionConfigurationPlatforms) = preSolution
		Debug|Any CPU = Debug|Any CPU
		Release|Any CPU = Release|Any CPU
	EndGlobalSection
	GlobalSection(ProjectConfigurationPlatforms) = postSolution
		{F484AA18-7E6B-4D00-8FEF-7A7223331EAC}.Debug|Any CPU.ActiveCfg = Debug|Any CPU
		{F484AA18-7E6B-4D00-8FEF-7A7223331EAC}.Debug|Any CPU.Build.0 = Debug|Any CPU
		{F484AA18-7E6B-4D00-8FEF-7A7223331EAC}.Release|Any CPU.ActiveCfg = Release|Any CPU
		{F484AA18-7E6B-4D00-8FEF-7A7223331EAC}.Release|Any CPU.Build.0 = Release|Any CPU
		{ED484385-B52D-471A-976F-EBA92A87146F}.Debug|Any CPU.ActiveCfg = Debug|Any CPU
		{ED484385-B52D-471A-976F-EBA92A87146F}.Debug|Any CPU.Build.0 = Debug|Any CPU
		{ED484385-B52D-471A-976F-EBA92A87146F}.Release|Any CPU.ActiveCfg = Release|Any CPU
		{ED484385-B52D-471A-976F-EBA92A87146F}.Release|Any CPU.Build.0 = Release|Any CPU
	EndGlobalSection
	GlobalSection(SolutionProperties) = preSolution
		HideSolutionNode = FALSE
	EndGlobalSection
	GlobalSection(ExtensibilityGlobals) = postSolution
		SolutionGuid = {8F268723-A78E-4E83-B5E4-68F0AC48FBD1}
	EndGlobalSection
EndGlobal
